// !$*UTF8*$!
{
	archiveVersion = 1;
	classes = {
	};
	objectVersion = 50;
	objects = {

/* Begin PBXBuildFile section */
		A53996A351FB7B8CF234378C /* Pods_YTSMovies.framework in Frameworks */ = {isa = PBXBuildFile; fileRef = 138EF26F2765FD72C2561D32 /* Pods_YTSMovies.framework */; };
		AA32145F22258038005B0EA4 /* AppDelegate.swift in Sources */ = {isa = PBXBuildFile; fileRef = AA32145E22258038005B0EA4 /* AppDelegate.swift */; };
		AA32146122258038005B0EA4 /* ViewController.swift in Sources */ = {isa = PBXBuildFile; fileRef = AA32146022258038005B0EA4 /* ViewController.swift */; };
		AA32146422258038005B0EA4 /* Main.storyboard in Resources */ = {isa = PBXBuildFile; fileRef = AA32146222258038005B0EA4 /* Main.storyboard */; };
		AA32146722258038005B0EA4 /* YTSMovies.xcdatamodeld in Sources */ = {isa = PBXBuildFile; fileRef = AA32146522258038005B0EA4 /* YTSMovies.xcdatamodeld */; };
		AA32146922258038005B0EA4 /* Assets.xcassets in Resources */ = {isa = PBXBuildFile; fileRef = AA32146822258038005B0EA4 /* Assets.xcassets */; };
		AA32146C22258038005B0EA4 /* LaunchScreen.storyboard in Resources */ = {isa = PBXBuildFile; fileRef = AA32146A22258038005B0EA4 /* LaunchScreen.storyboard */; };
		AA32148022258C25005B0EA4 /* CustomMovieTableViewCell.swift in Sources */ = {isa = PBXBuildFile; fileRef = AA32147E22258C25005B0EA4 /* CustomMovieTableViewCell.swift */; };
		AA32148122258C25005B0EA4 /* CustomMovieTableViewCell.xib in Resources */ = {isa = PBXBuildFile; fileRef = AA32147F22258C25005B0EA4 /* CustomMovieTableViewCell.xib */; };
		AA32148322259435005B0EA4 /* Movie.swift in Sources */ = {isa = PBXBuildFile; fileRef = AA32148222259435005B0EA4 /* Movie.swift */; };
		AA45C74122329BAA0025874A /* GetRequest.swift in Sources */ = {isa = PBXBuildFile; fileRef = AA45C74022329BAA0025874A /* GetRequest.swift */; };
		AA6D3D71225B907D0064CCAE /* MovieLogger.swift in Sources */ = {isa = PBXBuildFile; fileRef = AA6D3D70225B907D0064CCAE /* MovieLogger.swift */; };
		AAAFA7D22253B549005E25A6 /* Foundation.framework in Frameworks */ = {isa = PBXBuildFile; fileRef = AAAFA7D12253B549005E25A6 /* Foundation.framework */; };
		AABA6679224E301F00458CCD /* HelperFile.swift in Sources */ = {isa = PBXBuildFile; fileRef = AABA6678224E301F00458CCD /* HelperFile.swift */; };
		AABA667E224E3A1800458CCD /* MovieViewController.swift in Sources */ = {isa = PBXBuildFile; fileRef = AABA667D224E3A1800458CCD /* MovieViewController.swift */; };
		AABA6680224E76DA00458CCD /* CreatorViewController.swift in Sources */ = {isa = PBXBuildFile; fileRef = AABA667F224E76DA00458CCD /* CreatorViewController.swift */; };
		AAFC39972231757E002B9173 /* Torrent.swift in Sources */ = {isa = PBXBuildFile; fileRef = AAFC39962231757E002B9173 /* Torrent.swift */; };
/* End PBXBuildFile section */

/* Begin PBXCopyFilesBuildPhase section */
		AAAFA7CF2253AFE1005E25A6 /* CopyFiles */ = {
			isa = PBXCopyFilesBuildPhase;
			buildActionMask = 2147483647;
			dstPath = "";
			dstSubfolderSpec = 7;
			files = (
			);
			runOnlyForDeploymentPostprocessing = 0;
		};
		AAD05FAA225487EE00126F21 /* Embed Frameworks */ = {
			isa = PBXCopyFilesBuildPhase;
			buildActionMask = 2147483647;
			dstPath = "";
			dstSubfolderSpec = 10;
			files = (
			);
			name = "Embed Frameworks";
			runOnlyForDeploymentPostprocessing = 0;
		};
/* End PBXCopyFilesBuildPhase section */

/* Begin PBXFileReference section */
		138EF26F2765FD72C2561D32 /* Pods_YTSMovies.framework */ = {isa = PBXFileReference; explicitFileType = wrapper.framework; includeInIndex = 0; path = Pods_YTSMovies.framework; sourceTree = BUILT_PRODUCTS_DIR; };
		AA32145B22258038005B0EA4 /* YTSMovies.app */ = {isa = PBXFileReference; explicitFileType = wrapper.application; includeInIndex = 0; path = YTSMovies.app; sourceTree = BUILT_PRODUCTS_DIR; };
		AA32145E22258038005B0EA4 /* AppDelegate.swift */ = {isa = PBXFileReference; lastKnownFileType = sourcecode.swift; path = AppDelegate.swift; sourceTree = "<group>"; };
		AA32146022258038005B0EA4 /* ViewController.swift */ = {isa = PBXFileReference; lastKnownFileType = sourcecode.swift; path = ViewController.swift; sourceTree = "<group>"; };
		AA32146322258038005B0EA4 /* Base */ = {isa = PBXFileReference; lastKnownFileType = file.storyboard; name = Base; path = Base.lproj/Main.storyboard; sourceTree = "<group>"; };
		AA32146622258038005B0EA4 /* YTSMovies.xcdatamodel */ = {isa = PBXFileReference; lastKnownFileType = wrapper.xcdatamodel; path = YTSMovies.xcdatamodel; sourceTree = "<group>"; };
		AA32146822258038005B0EA4 /* Assets.xcassets */ = {isa = PBXFileReference; lastKnownFileType = folder.assetcatalog; path = Assets.xcassets; sourceTree = "<group>"; };
		AA32146B22258038005B0EA4 /* Base */ = {isa = PBXFileReference; lastKnownFileType = file.storyboard; name = Base; path = Base.lproj/LaunchScreen.storyboard; sourceTree = "<group>"; };
		AA32146D22258038005B0EA4 /* Info.plist */ = {isa = PBXFileReference; lastKnownFileType = text.plist.xml; path = Info.plist; sourceTree = "<group>"; };
		AA32147E22258C25005B0EA4 /* CustomMovieTableViewCell.swift */ = {isa = PBXFileReference; lastKnownFileType = sourcecode.swift; path = CustomMovieTableViewCell.swift; sourceTree = "<group>"; };
		AA32147F22258C25005B0EA4 /* CustomMovieTableViewCell.xib */ = {isa = PBXFileReference; lastKnownFileType = file.xib; path = CustomMovieTableViewCell.xib; sourceTree = "<group>"; };
		AA32148222259435005B0EA4 /* Movie.swift */ = {isa = PBXFileReference; lastKnownFileType = sourcecode.swift; path = Movie.swift; sourceTree = "<group>"; };
		AA45C74022329BAA0025874A /* GetRequest.swift */ = {isa = PBXFileReference; lastKnownFileType = sourcecode.swift; path = GetRequest.swift; sourceTree = "<group>"; };
		AA6D3D70225B907D0064CCAE /* MovieLogger.swift */ = {isa = PBXFileReference; lastKnownFileType = sourcecode.swift; path = MovieLogger.swift; sourceTree = "<group>"; };
		AAAFA7D12253B549005E25A6 /* Foundation.framework */ = {isa = PBXFileReference; lastKnownFileType = wrapper.framework; name = Foundation.framework; path = System/Library/Frameworks/Foundation.framework; sourceTree = SDKROOT; };
		AABA6678224E301F00458CCD /* HelperFile.swift */ = {isa = PBXFileReference; lastKnownFileType = sourcecode.swift; path = HelperFile.swift; sourceTree = "<group>"; };
		AABA667D224E3A1800458CCD /* MovieViewController.swift */ = {isa = PBXFileReference; lastKnownFileType = sourcecode.swift; path = MovieViewController.swift; sourceTree = "<group>"; };
		AABA667F224E76DA00458CCD /* CreatorViewController.swift */ = {isa = PBXFileReference; lastKnownFileType = sourcecode.swift; path = CreatorViewController.swift; sourceTree = "<group>"; };
		AAFC39962231757E002B9173 /* Torrent.swift */ = {isa = PBXFileReference; lastKnownFileType = sourcecode.swift; path = Torrent.swift; sourceTree = "<group>"; };
		B20E85BA0605BF15CA9041F3 /* Pods-YTSMovies.release.xcconfig */ = {isa = PBXFileReference; includeInIndex = 1; lastKnownFileType = text.xcconfig; name = "Pods-YTSMovies.release.xcconfig"; path = "Pods/Target Support Files/Pods-YTSMovies/Pods-YTSMovies.release.xcconfig"; sourceTree = "<group>"; };
		DBC275A4B59ABE67CEB01F68 /* Pods-YTSMovies.debug.xcconfig */ = {isa = PBXFileReference; includeInIndex = 1; lastKnownFileType = text.xcconfig; name = "Pods-YTSMovies.debug.xcconfig"; path = "Pods/Target Support Files/Pods-YTSMovies/Pods-YTSMovies.debug.xcconfig"; sourceTree = "<group>"; };
/* End PBXFileReference section */

/* Begin PBXFrameworksBuildPhase section */
		AA32145822258038005B0EA4 /* Frameworks */ = {
			isa = PBXFrameworksBuildPhase;
			buildActionMask = 2147483647;
			files = (
				AAAFA7D22253B549005E25A6 /* Foundation.framework in Frameworks */,
				A53996A351FB7B8CF234378C /* Pods_YTSMovies.framework in Frameworks */,
			);
			runOnlyForDeploymentPostprocessing = 0;
		};
/* End PBXFrameworksBuildPhase section */

/* Begin PBXGroup section */
		AA24B47F222983BF008EFABD /* Models */ = {
			isa = PBXGroup;
			children = (
				AA32148222259435005B0EA4 /* Movie.swift */,
				AAFC39962231757E002B9173 /* Torrent.swift */,
				AA6D3D70225B907D0064CCAE /* MovieLogger.swift */,
			);
			path = Models;
			sourceTree = "<group>";
		};
		AA24B480222983DF008EFABD /* Controller */ = {
			isa = PBXGroup;
			children = (
				AA32146022258038005B0EA4 /* ViewController.swift */,
				AABA667D224E3A1800458CCD /* MovieViewController.swift */,
				AABA667F224E76DA00458CCD /* CreatorViewController.swift */,
			);
			path = Controller;
			sourceTree = "<group>";
		};
		AA24B48122298403008EFABD /* Views */ = {
			isa = PBXGroup;
			children = (
				AA32146222258038005B0EA4 /* Main.storyboard */,
			);
			path = Views;
			sourceTree = "<group>";
		};
		AA32145222258037005B0EA4 = {
			isa = PBXGroup;
			children = (
				AA32145D22258038005B0EA4 /* YTSMovies */,
				AA32145C22258038005B0EA4 /* Products */,
				AAAFA7D02253B549005E25A6 /* Frameworks */,
				E48C53315ACD6A3BADB55237 /* Pods */,
			);
			sourceTree = "<group>";
		};
		AA32145C22258038005B0EA4 /* Products */ = {
			isa = PBXGroup;
			children = (
				AA32145B22258038005B0EA4 /* YTSMovies.app */,
			);
			name = Products;
			sourceTree = "<group>";
		};
		AA32145D22258038005B0EA4 /* YTSMovies */ = {
			isa = PBXGroup;
			children = (
				AA32145E22258038005B0EA4 /* AppDelegate.swift */,
				AA24B480222983DF008EFABD /* Controller */,
				AA24B48122298403008EFABD /* Views */,
				AA24B47F222983BF008EFABD /* Models */,
				AA45C73F22329B660025874A /* Networking */,
				AABA667A224E302400458CCD /* Helper */,
				AA321475222582D6005B0EA4 /* Custom Cell */,
				AA32146822258038005B0EA4 /* Assets.xcassets */,
				AA32146A22258038005B0EA4 /* LaunchScreen.storyboard */,
				AA32146D22258038005B0EA4 /* Info.plist */,
				AA32146522258038005B0EA4 /* YTSMovies.xcdatamodeld */,
			);
			path = YTSMovies;
			sourceTree = "<group>";
		};
		AA321475222582D6005B0EA4 /* Custom Cell */ = {
			isa = PBXGroup;
			children = (
				AA32147E22258C25005B0EA4 /* CustomMovieTableViewCell.swift */,
				AA32147F22258C25005B0EA4 /* CustomMovieTableViewCell.xib */,
			);
			path = "Custom Cell";
			sourceTree = "<group>";
		};
		AA45C73F22329B660025874A /* Networking */ = {
			isa = PBXGroup;
			children = (
				AA45C74022329BAA0025874A /* GetRequest.swift */,
			);
			path = Networking;
			sourceTree = "<group>";
		};
		AAAFA7D02253B549005E25A6 /* Frameworks */ = {
			isa = PBXGroup;
			children = (
				AAAFA7D12253B549005E25A6 /* Foundation.framework */,
				138EF26F2765FD72C2561D32 /* Pods_YTSMovies.framework */,
			);
			name = Frameworks;
			sourceTree = "<group>";
		};
		AABA667A224E302400458CCD /* Helper */ = {
			isa = PBXGroup;
			children = (
				AABA6678224E301F00458CCD /* HelperFile.swift */,
			);
			name = Helper;
			path = ..;
			sourceTree = "<group>";
		};
		E48C53315ACD6A3BADB55237 /* Pods */ = {
			isa = PBXGroup;
			children = (
				DBC275A4B59ABE67CEB01F68 /* Pods-YTSMovies.debug.xcconfig */,
				B20E85BA0605BF15CA9041F3 /* Pods-YTSMovies.release.xcconfig */,
			);
			name = Pods;
			sourceTree = "<group>";
		};
/* End PBXGroup section */

/* Begin PBXNativeTarget section */
		AA32145A22258038005B0EA4 /* YTSMovies */ = {
			isa = PBXNativeTarget;
			buildConfigurationList = AA32147022258038005B0EA4 /* Build configuration list for PBXNativeTarget "YTSMovies" */;
			buildPhases = (
				955F112AC1F63067422D4BFD /* [CP] Check Pods Manifest.lock */,
				AA32145722258038005B0EA4 /* Sources */,
				AA32145822258038005B0EA4 /* Frameworks */,
				AA32145922258038005B0EA4 /* Resources */,
				AAAFA7CF2253AFE1005E25A6 /* CopyFiles */,
				AAD05FAA225487EE00126F21 /* Embed Frameworks */,
				C4CC443C19516F00E89B236B /* [CP] Embed Pods Frameworks */,
			);
			buildRules = (
			);
			dependencies = (
			);
			name = YTSMovies;
			productName = YTSMovies;
			productReference = AA32145B22258038005B0EA4 /* YTSMovies.app */;
			productType = "com.apple.product-type.application";
		};
/* End PBXNativeTarget section */

/* Begin PBXProject section */
		AA32145322258037005B0EA4 /* Project object */ = {
			isa = PBXProject;
			attributes = {
				LastSwiftUpdateCheck = 1010;
				LastUpgradeCheck = 1010;
				ORGANIZATIONNAME = "Steve Rustom";
				TargetAttributes = {
					AA32145A22258038005B0EA4 = {
						CreatedOnToolsVersion = 10.1;
						LastSwiftMigration = 1020;
					};
				};
			};
			buildConfigurationList = AA32145622258038005B0EA4 /* Build configuration list for PBXProject "YTSMovies" */;
			compatibilityVersion = "Xcode 9.3";
			developmentRegion = en;
			hasScannedForEncodings = 0;
			knownRegions = (
				en,
				Base,
			);
			mainGroup = AA32145222258037005B0EA4;
			productRefGroup = AA32145C22258038005B0EA4 /* Products */;
			projectDirPath = "";
			projectRoot = "";
			targets = (
				AA32145A22258038005B0EA4 /* YTSMovies */,
			);
		};
/* End PBXProject section */

/* Begin PBXResourcesBuildPhase section */
		AA32145922258038005B0EA4 /* Resources */ = {
			isa = PBXResourcesBuildPhase;
			buildActionMask = 2147483647;
			files = (
				AA32146C22258038005B0EA4 /* LaunchScreen.storyboard in Resources */,
				AA32146922258038005B0EA4 /* Assets.xcassets in Resources */,
				AA32146422258038005B0EA4 /* Main.storyboard in Resources */,
				AA32148122258C25005B0EA4 /* CustomMovieTableViewCell.xib in Resources */,
			);
			runOnlyForDeploymentPostprocessing = 0;
		};
/* End PBXResourcesBuildPhase section */

/* Begin PBXShellScriptBuildPhase section */
		955F112AC1F63067422D4BFD /* [CP] Check Pods Manifest.lock */ = {
			isa = PBXShellScriptBuildPhase;
			buildActionMask = 2147483647;
			files = (
			);
			inputFileListPaths = (
			);
			inputPaths = (
				"${PODS_PODFILE_DIR_PATH}/Podfile.lock",
				"${PODS_ROOT}/Manifest.lock",
			);
			name = "[CP] Check Pods Manifest.lock";
			outputFileListPaths = (
			);
			outputPaths = (
				"$(DERIVED_FILE_DIR)/Pods-YTSMovies-checkManifestLockResult.txt",
			);
			runOnlyForDeploymentPostprocessing = 0;
			shellPath = /bin/sh;
			shellScript = "diff \"${PODS_PODFILE_DIR_PATH}/Podfile.lock\" \"${PODS_ROOT}/Manifest.lock\" > /dev/null\nif [ $? != 0 ] ; then\n    # print error to STDERR\n    echo \"error: The sandbox is not in sync with the Podfile.lock. Run 'pod install' or update your CocoaPods installation.\" >&2\n    exit 1\nfi\n# This output is used by Xcode 'outputs' to avoid re-running this script phase.\necho \"SUCCESS\" > \"${SCRIPT_OUTPUT_FILE_0}\"\n";
			showEnvVarsInLog = 0;
		};
		C4CC443C19516F00E89B236B /* [CP] Embed Pods Frameworks */ = {
			isa = PBXShellScriptBuildPhase;
			buildActionMask = 2147483647;
			files = (
			);
			inputFileListPaths = (
			);
			inputPaths = (
				"${SRCROOT}/Pods/Target Support Files/Pods-YTSMovies/Pods-YTSMovies-frameworks.sh",
				"${BUILT_PRODUCTS_DIR}/Alamofire/Alamofire.framework",
				"${BUILT_PRODUCTS_DIR}/AlamofireObjectMapper/AlamofireObjectMapper.framework",
				"${BUILT_PRODUCTS_DIR}/Bond/Bond.framework",
				"${BUILT_PRODUCTS_DIR}/Differ/Differ.framework",
				"${BUILT_PRODUCTS_DIR}/ObjectMapper/ObjectMapper.framework",
				"${BUILT_PRODUCTS_DIR}/ReactiveCocoa/ReactiveCocoa.framework",
				"${BUILT_PRODUCTS_DIR}/ReactiveKit/ReactiveKit.framework",
				"${BUILT_PRODUCTS_DIR}/ReactiveSwift/ReactiveSwift.framework",
				"${BUILT_PRODUCTS_DIR}/Result/Result.framework",
			);
			name = "[CP] Embed Pods Frameworks";
			outputFileListPaths = (
			);
			outputPaths = (
				"${TARGET_BUILD_DIR}/${FRAMEWORKS_FOLDER_PATH}/Alamofire.framework",
				"${TARGET_BUILD_DIR}/${FRAMEWORKS_FOLDER_PATH}/AlamofireObjectMapper.framework",
				"${TARGET_BUILD_DIR}/${FRAMEWORKS_FOLDER_PATH}/Bond.framework",
				"${TARGET_BUILD_DIR}/${FRAMEWORKS_FOLDER_PATH}/Differ.framework",
				"${TARGET_BUILD_DIR}/${FRAMEWORKS_FOLDER_PATH}/ObjectMapper.framework",
				"${TARGET_BUILD_DIR}/${FRAMEWORKS_FOLDER_PATH}/ReactiveCocoa.framework",
				"${TARGET_BUILD_DIR}/${FRAMEWORKS_FOLDER_PATH}/ReactiveKit.framework",
				"${TARGET_BUILD_DIR}/${FRAMEWORKS_FOLDER_PATH}/ReactiveSwift.framework",
				"${TARGET_BUILD_DIR}/${FRAMEWORKS_FOLDER_PATH}/Result.framework",
			);
			runOnlyForDeploymentPostprocessing = 0;
			shellPath = /bin/sh;
			shellScript = "\"${SRCROOT}/Pods/Target Support Files/Pods-YTSMovies/Pods-YTSMovies-frameworks.sh\"\n";
			showEnvVarsInLog = 0;
		};
/* End PBXShellScriptBuildPhase section */

/* Begin PBXSourcesBuildPhase section */
		AA32145722258038005B0EA4 /* Sources */ = {
			isa = PBXSourcesBuildPhase;
			buildActionMask = 2147483647;
			files = (
				AA45C74122329BAA0025874A /* GetRequest.swift in Sources */,
				AA6D3D71225B907D0064CCAE /* MovieLogger.swift in Sources */,
				AA32148022258C25005B0EA4 /* CustomMovieTableViewCell.swift in Sources */,
				AA32146722258038005B0EA4 /* YTSMovies.xcdatamodeld in Sources */,
				AABA6680224E76DA00458CCD /* CreatorViewController.swift in Sources */,
				AABA6679224E301F00458CCD /* HelperFile.swift in Sources */,
				AABA667E224E3A1800458CCD /* MovieViewController.swift in Sources */,
				AAFC39972231757E002B9173 /* Torrent.swift in Sources */,
				AA32146122258038005B0EA4 /* ViewController.swift in Sources */,
				AA32145F22258038005B0EA4 /* AppDelegate.swift in Sources */,
				AA32148322259435005B0EA4 /* Movie.swift in Sources */,
			);
			runOnlyForDeploymentPostprocessing = 0;
		};
/* End PBXSourcesBuildPhase section */

/* Begin PBXVariantGroup section */
		AA32146222258038005B0EA4 /* Main.storyboard */ = {
			isa = PBXVariantGroup;
			children = (
				AA32146322258038005B0EA4 /* Base */,
			);
			name = Main.storyboard;
			sourceTree = "<group>";
		};
		AA32146A22258038005B0EA4 /* LaunchScreen.storyboard */ = {
			isa = PBXVariantGroup;
			children = (
				AA32146B22258038005B0EA4 /* Base */,
			);
			name = LaunchScreen.storyboard;
			sourceTree = "<group>";
		};
/* End PBXVariantGroup section */

/* Begin XCBuildConfiguration section */
		AA32146E22258038005B0EA4 /* Debug */ = {
			isa = XCBuildConfiguration;
			buildSettings = {
				ALWAYS_SEARCH_USER_PATHS = NO;
				CLANG_ANALYZER_NONNULL = YES;
				CLANG_ANALYZER_NUMBER_OBJECT_CONVERSION = YES_AGGRESSIVE;
				CLANG_CXX_LANGUAGE_STANDARD = "gnu++14";
				CLANG_CXX_LIBRARY = "libc++";
				CLANG_ENABLE_MODULES = YES;
				CLANG_ENABLE_OBJC_ARC = YES;
				CLANG_ENABLE_OBJC_WEAK = YES;
				CLANG_WARN_BLOCK_CAPTURE_AUTORELEASING = YES;
				CLANG_WARN_BOOL_CONVERSION = YES;
				CLANG_WARN_COMMA = YES;
				CLANG_WARN_CONSTANT_CONVERSION = YES;
				CLANG_WARN_DEPRECATED_OBJC_IMPLEMENTATIONS = YES;
				CLANG_WARN_DIRECT_OBJC_ISA_USAGE = YES_ERROR;
				CLANG_WARN_DOCUMENTATION_COMMENTS = YES;
				CLANG_WARN_EMPTY_BODY = YES;
				CLANG_WARN_ENUM_CONVERSION = YES;
				CLANG_WARN_INFINITE_RECURSION = YES;
				CLANG_WARN_INT_CONVERSION = YES;
				CLANG_WARN_NON_LITERAL_NULL_CONVERSION = YES;
				CLANG_WARN_OBJC_IMPLICIT_RETAIN_SELF = YES;
				CLANG_WARN_OBJC_LITERAL_CONVERSION = YES;
				CLANG_WARN_OBJC_ROOT_CLASS = YES_ERROR;
				CLANG_WARN_RANGE_LOOP_ANALYSIS = YES;
				CLANG_WARN_STRICT_PROTOTYPES = YES;
				CLANG_WARN_SUSPICIOUS_MOVE = YES;
				CLANG_WARN_UNGUARDED_AVAILABILITY = YES_AGGRESSIVE;
				CLANG_WARN_UNREACHABLE_CODE = YES;
				CLANG_WARN__DUPLICATE_METHOD_MATCH = YES;
				CODE_SIGN_IDENTITY = "iPhone Developer";
				COPY_PHASE_STRIP = NO;
				DEBUG_INFORMATION_FORMAT = dwarf;
				ENABLE_STRICT_OBJC_MSGSEND = YES;
				ENABLE_TESTABILITY = YES;
				GCC_C_LANGUAGE_STANDARD = gnu11;
				GCC_DYNAMIC_NO_PIC = NO;
				GCC_NO_COMMON_BLOCKS = YES;
				GCC_OPTIMIZATION_LEVEL = 0;
				GCC_PREPROCESSOR_DEFINITIONS = (
					"DEBUG=1",
					"$(inherited)",
				);
				GCC_WARN_64_TO_32_BIT_CONVERSION = YES;
				GCC_WARN_ABOUT_RETURN_TYPE = YES_ERROR;
				GCC_WARN_UNDECLARED_SELECTOR = YES;
				GCC_WARN_UNINITIALIZED_AUTOS = YES_AGGRESSIVE;
				GCC_WARN_UNUSED_FUNCTION = YES;
				GCC_WARN_UNUSED_VARIABLE = YES;
				IPHONEOS_DEPLOYMENT_TARGET = 12.1;
				MTL_ENABLE_DEBUG_INFO = INCLUDE_SOURCE;
				MTL_FAST_MATH = YES;
				ONLY_ACTIVE_ARCH = YES;
				SDKROOT = iphoneos;
				SWIFT_ACTIVE_COMPILATION_CONDITIONS = DEBUG;
				SWIFT_OPTIMIZATION_LEVEL = "-Onone";
			};
			name = Debug;
		};
		AA32146F22258038005B0EA4 /* Release */ = {
			isa = XCBuildConfiguration;
			buildSettings = {
				ALWAYS_SEARCH_USER_PATHS = NO;
				CLANG_ANALYZER_NONNULL = YES;
				CLANG_ANALYZER_NUMBER_OBJECT_CONVERSION = YES_AGGRESSIVE;
				CLANG_CXX_LANGUAGE_STANDARD = "gnu++14";
				CLANG_CXX_LIBRARY = "libc++";
				CLANG_ENABLE_MODULES = YES;
				CLANG_ENABLE_OBJC_ARC = YES;
				CLANG_ENABLE_OBJC_WEAK = YES;
				CLANG_WARN_BLOCK_CAPTURE_AUTORELEASING = YES;
				CLANG_WARN_BOOL_CONVERSION = YES;
				CLANG_WARN_COMMA = YES;
				CLANG_WARN_CONSTANT_CONVERSION = YES;
				CLANG_WARN_DEPRECATED_OBJC_IMPLEMENTATIONS = YES;
				CLANG_WARN_DIRECT_OBJC_ISA_USAGE = YES_ERROR;
				CLANG_WARN_DOCUMENTATION_COMMENTS = YES;
				CLANG_WARN_EMPTY_BODY = YES;
				CLANG_WARN_ENUM_CONVERSION = YES;
				CLANG_WARN_INFINITE_RECURSION = YES;
				CLANG_WARN_INT_CONVERSION = YES;
				CLANG_WARN_NON_LITERAL_NULL_CONVERSION = YES;
				CLANG_WARN_OBJC_IMPLICIT_RETAIN_SELF = YES;
				CLANG_WARN_OBJC_LITERAL_CONVERSION = YES;
				CLANG_WARN_OBJC_ROOT_CLASS = YES_ERROR;
				CLANG_WARN_RANGE_LOOP_ANALYSIS = YES;
				CLANG_WARN_STRICT_PROTOTYPES = YES;
				CLANG_WARN_SUSPICIOUS_MOVE = YES;
				CLANG_WARN_UNGUARDED_AVAILABILITY = YES_AGGRESSIVE;
				CLANG_WARN_UNREACHABLE_CODE = YES;
				CLANG_WARN__DUPLICATE_METHOD_MATCH = YES;
				CODE_SIGN_IDENTITY = "iPhone Developer";
				COPY_PHASE_STRIP = NO;
				DEBUG_INFORMATION_FORMAT = "dwarf-with-dsym";
				ENABLE_NS_ASSERTIONS = NO;
				ENABLE_STRICT_OBJC_MSGSEND = YES;
				GCC_C_LANGUAGE_STANDARD = gnu11;
				GCC_NO_COMMON_BLOCKS = YES;
				GCC_WARN_64_TO_32_BIT_CONVERSION = YES;
				GCC_WARN_ABOUT_RETURN_TYPE = YES_ERROR;
				GCC_WARN_UNDECLARED_SELECTOR = YES;
				GCC_WARN_UNINITIALIZED_AUTOS = YES_AGGRESSIVE;
				GCC_WARN_UNUSED_FUNCTION = YES;
				GCC_WARN_UNUSED_VARIABLE = YES;
				IPHONEOS_DEPLOYMENT_TARGET = 12.1;
				MTL_ENABLE_DEBUG_INFO = NO;
				MTL_FAST_MATH = YES;
				SDKROOT = iphoneos;
				SWIFT_COMPILATION_MODE = wholemodule;
				SWIFT_OPTIMIZATION_LEVEL = "-O";
				VALIDATE_PRODUCT = YES;
			};
			name = Release;
		};
		AA32147122258038005B0EA4 /* Debug */ = {
			isa = XCBuildConfiguration;
			baseConfigurationReference = DBC275A4B59ABE67CEB01F68 /* Pods-YTSMovies.debug.xcconfig */;
			buildSettings = {
				ASSETCATALOG_COMPILER_APPICON_NAME = AppIcon;
				CODE_SIGN_STYLE = Automatic;
				DEVELOPMENT_TEAM = VB7392NN4K;
				INFOPLIST_FILE = YTSMovies/Info.plist;
				LD_RUNPATH_SEARCH_PATHS = (
					"$(inherited)",
					"@executable_path/Frameworks",
				);
				PRODUCT_BUNDLE_IDENTIFIER = com.steverustom.YTSMovies;
				PRODUCT_NAME = "$(TARGET_NAME)";
				SWIFT_VERSION = 5.0;
				TARGETED_DEVICE_FAMILY = "1,2";
			};
			name = Debug;
		};
		AA32147222258038005B0EA4 /* Release */ = {
			isa = XCBuildConfiguration;
			baseConfigurationReference = B20E85BA0605BF15CA9041F3 /* Pods-YTSMovies.release.xcconfig */;
			buildSettings = {
				ASSETCATALOG_COMPILER_APPICON_NAME = AppIcon;
				CODE_SIGN_STYLE = Automatic;
				DEVELOPMENT_TEAM = VB7392NN4K;
				FRAMEWORK_SEARCH_PATHS = "$(inherited)";
				INFOPLIST_FILE = YTSMovies/Info.plist;
				LD_RUNPATH_SEARCH_PATHS = (
					"$(inherited)",
					"@executable_path/Frameworks",
				);
				PRODUCT_BUNDLE_IDENTIFIER = com.steverustom.YTSMovies;
				PRODUCT_NAME = "$(TARGET_NAME)";
				SWIFT_VERSION = 5.0;
				TARGETED_DEVICE_FAMILY = "1,2";
			};
			name = Release;
		};
/* End XCBuildConfiguration section */

/* Begin XCConfigurationList section */
		AA32145622258038005B0EA4 /* Build configuration list for PBXProject "YTSMovies" */ = {
			isa = XCConfigurationList;
			buildConfigurations = (
				AA32146E22258038005B0EA4 /* Debug */,
				AA32146F22258038005B0EA4 /* Release */,
			);
			defaultConfigurationIsVisible = 0;
			defaultConfigurationName = Release;
		};
		AA32147022258038005B0EA4 /* Build configuration list for PBXNativeTarget "YTSMovies" */ = {
			isa = XCConfigurationList;
			buildConfigurations = (
				AA32147122258038005B0EA4 /* Debug */,
				AA32147222258038005B0EA4 /* Release */,
			);
			defaultConfigurationIsVisible = 0;
			defaultConfigurationName = Release;
		};
/* End XCConfigurationList section */

/* Begin XCVersionGroup section */
		AA32146522258038005B0EA4 /* YTSMovies.xcdatamodeld */ = {
			isa = XCVersionGroup;
			children = (
				AA32146622258038005B0EA4 /* YTSMovies.xcdatamodel */,
			);
			currentVersion = AA32146622258038005B0EA4 /* YTSMovies.xcdatamodel */;
			path = YTSMovies.xcdatamodeld;
			sourceTree = "<group>";
			versionGroupType = wrapper.xcdatamodel;
		};
/* End XCVersionGroup section */
	};
	rootObject = AA32145322258037005B0EA4 /* Project object */;
}
